
Microsoft Visual Studio Solution File, Format Version 12.00
# Visual Studio Version 17
VisualStudioVersion = 17.9.34714.143
MinimumVisualStudioVersion = 10.0.40219.1
Project("{FAE04EC0-301F-11D3-BF4B-00C04F79EFBC}") = "GuessNumber", "GuessNumber.csproj", "{BCE6132E-5628-4A14-A254-E200FE5D9935}"
EndProject
Global
	GlobalSection(SolutionConfigurationPlatforms) = preSolution
		Debug|Any CPU = Debug|Any CPU
		Release|Any CPU = Release|Any CPU
	EndGlobalSection
	GlobalSection(ProjectConfigurationPlatforms) = postSolution
		{BCE6132E-5628-4A14-A254-E200FE5D9935}.Debug|Any CPU.ActiveCfg = Debug|Any CPU
		{BCE6132E-5628-4A14-A254-E200FE5D9935}.Debug|Any CPU.Build.0 = Debug|Any CPU
		{BCE6132E-5628-4A14-A254-E200FE5D9935}.Release|Any CPU.ActiveCfg = Release|Any CPU
		{BCE6132E-5628-4A14-A254-E200FE5D9935}.Release|Any CPU.Build.0 = Release|Any CPU
	EndGlobalSection
	GlobalSection(SolutionProperties) = preSolution
		HideSolutionNode = FALSE
	EndGlobalSection
	GlobalSection(ExtensibilityGlobals) = postSolution
		SolutionGuid = {3B7461FE-7EFC-462E-8D9E-302FDB2AFEA0}
	EndGlobalSection
EndGlobal
